
Microsoft Visual Studio Solution File, Format Version 12.00
# Visual Studio Version 17
VisualStudioVersion = 17.0.31903.59
MinimumVisualStudioVersion = 10.0.40219.1
Project("{FAE04EC0-301F-11D3-BF4B-00C04F79EFBC}") = "API", "API\API.csproj", "{FBDA7516-3DC4-4060-9EC1-A0F9C3C2CF6F}"
EndProject
Project("{FAE04EC0-301F-11D3-BF4B-00C04F79EFBC}") = "Core", "Core\Core.csproj", "{C9816511-D5EE-4647-99F3-50AEF4A49E43}"
EndProject
Project("{FAE04EC0-301F-11D3-BF4B-00C04F79EFBC}") = "Infrastructure", "Infrastructure\Infrastructure.csproj", "{694CAE94-E90E-4D01-87B8-AD82C0F4BBC9}"
EndProject
Global
	GlobalSection(SolutionConfigurationPlatforms) = preSolution
		Debug|Any CPU = Debug|Any CPU
		Release|Any CPU = Release|Any CPU
	EndGlobalSection
	GlobalSection(SolutionProperties) = preSolution
		HideSolutionNode = FALSE
	EndGlobalSection
	GlobalSection(ProjectConfigurationPlatforms) = postSolution
		{FBDA7516-3DC4-4060-9EC1-A0F9C3C2CF6F}.Debug|Any CPU.ActiveCfg = Debug|Any CPU
		{FBDA7516-3DC4-4060-9EC1-A0F9C3C2CF6F}.Debug|Any CPU.Build.0 = Debug|Any CPU
		{FBDA7516-3DC4-4060-9EC1-A0F9C3C2CF6F}.Release|Any CPU.ActiveCfg = Release|Any CPU
		{FBDA7516-3DC4-4060-9EC1-A0F9C3C2CF6F}.Release|Any CPU.Build.0 = Release|Any CPU
		{C9816511-D5EE-4647-99F3-50AEF4A49E43}.Debug|Any CPU.ActiveCfg = Debug|Any CPU
		{C9816511-D5EE-4647-99F3-50AEF4A49E43}.Debug|Any CPU.Build.0 = Debug|Any CPU
		{C9816511-D5EE-4647-99F3-50AEF4A49E43}.Release|Any CPU.ActiveCfg = Release|Any CPU
		{C9816511-D5EE-4647-99F3-50AEF4A49E43}.Release|Any CPU.Build.0 = Release|Any CPU
		{694CAE94-E90E-4D01-87B8-AD82C0F4BBC9}.Debug|Any CPU.ActiveCfg = Debug|Any CPU
		{694CAE94-E90E-4D01-87B8-AD82C0F4BBC9}.Debug|Any CPU.Build.0 = Debug|Any CPU
		{694CAE94-E90E-4D01-87B8-AD82C0F4BBC9}.Release|Any CPU.ActiveCfg = Release|Any CPU
		{694CAE94-E90E-4D01-87B8-AD82C0F4BBC9}.Release|Any CPU.Build.0 = Release|Any CPU
	EndGlobalSection
EndGlobal
